<?xml version="1.0" encoding="utf-8"?>
<Project ToolsVersion="4.0" xmlns="http://schemas.microsoft.com/developer/msbuild/2003">
  <ItemGroup>
    <Filter Include="ソース ファイル">
      <UniqueIdentifier>{4FC737F1-C7A5-4376-A066-2A32D752A2FF}</UniqueIdentifier>
      <Extensions>cpp;c;cc;cxx;c++;cppm;ixx;def;odl;idl;hpj;bat;asm;asmx</Extensions>
    </Filter>
    <Filter Include="ヘッダー ファイル">
      <UniqueIdentifier>{93995380-89BD-4b04-88EB-625FBE52EBFB}</UniqueIdentifier>
      <Extensions>h;hh;hpp;hxx;h++;hm;inl;inc;ipp;xsd</Extensions>
    </Filter>
    <Filter Include="リソース ファイル">
      <UniqueIdentifier>{67DA6AB6-F800-4c08-8B7A-83BB121AAD01}</UniqueIdentifier>
      <Extensions>rc;ico;cur;bmp;dlg;rc2;rct;bin;rgs;gif;jpg;jpeg;jpe;resx;tiff;tif;png;wav;mfcribbon-ms</Extensions>
    </Filter>
    <Filter Include="ソース ファイル\MyLib">
      <UniqueIdentifier>{d874f06b-822f-42f4-bef1-6ba50bd386b4}</UniqueIdentifier>
    </Filter>
    <Filter Include="ソース ファイル\MyLib\Physics">
      <UniqueIdentifier>{c57a0c9f-821f-4501-8655-69293f18ab98}</UniqueIdentifier>
    </Filter>
    <Filter Include="ソース ファイル\Planet">
      <UniqueIdentifier>{e03f75a2-c49d-487b-a56c-ab7a125373ba}</UniqueIdentifier>
    </Filter>
  </ItemGroup>
  <ItemGroup>
    <ClCompile Include="Main.cpp">
      <Filter>ソース ファイル</Filter>
    </ClCompile>
    <ClCompile Include="Scene.cpp">
      <Filter>ソース ファイル</Filter>
    </ClCompile>
    <ClCompile Include="TitleScene.cpp">
      <Filter>ソース ファイル</Filter>
    </ClCompile>
    <ClCompile Include="GamePlayingScene.cpp">
      <Filter>ソース ファイル</Filter>
    </ClCompile>
    <ClCompile Include="GameOverScene.cpp">
      <Filter>ソース ファイル</Filter>
    </ClCompile>
    <ClCompile Include="SceneManager.cpp">
      <Filter>ソース ファイル</Filter>
    </ClCompile>
    <ClCompile Include="Pad.cpp">
      <Filter>ソース ファイル</Filter>
    </ClCompile>
    <ClCompile Include="Application.cpp">
      <Filter>ソース ファイル</Filter>
    </ClCompile>
    <ClCompile Include="ClearScene.cpp">
      <Filter>ソース ファイル</Filter>
    </ClCompile>
    <ClCompile Include="WorldTimer.cpp">
      <Filter>ソース ファイル</Filter>
    </ClCompile>
    <ClCompile Include="GameManager.cpp">
      <Filter>ソース ファイル</Filter>
    </ClCompile>
    <ClCompile Include="Camera.cpp">
      <Filter>ソース ファイル</Filter>
    </ClCompile>
    <ClCompile Include="Easing.cpp">
      <Filter>ソース ファイル\MyLib</Filter>
    </ClCompile>
    <ClCompile Include="Quaternion.cpp">
      <Filter>ソース ファイル\MyLib</Filter>
    </ClCompile>
    <ClCompile Include="MyLib\Vec3.cpp">
      <Filter>ソース ファイル\MyLib</Filter>
    </ClCompile>
    <ClCompile Include="MyLib\DebugDraw.cpp">
      <Filter>ソース ファイル\MyLib</Filter>
    </ClCompile>
    <ClCompile Include="MyLib\Physics\Collidable.cpp">
      <Filter>ソース ファイル\MyLib\Physics</Filter>
    </ClCompile>
    <ClCompile Include="MyLib\Physics\ColliderBase.cpp">
      <Filter>ソース ファイル\MyLib\Physics</Filter>
    </ClCompile>
    <ClCompile Include="MyLib\Physics\ColliderCapsule.cpp">
      <Filter>ソース ファイル\MyLib\Physics</Filter>
    </ClCompile>
    <ClCompile Include="MyLib\Physics\ColliderSphere.cpp">
      <Filter>ソース ファイル\MyLib\Physics</Filter>
    </ClCompile>
    <ClCompile Include="MyLib\Physics\Physics.cpp">
      <Filter>ソース ファイル\MyLib\Physics</Filter>
    </ClCompile>
    <ClCompile Include="MyLib\Physics\Rigidbody.cpp">
      <Filter>ソース ファイル\MyLib\Physics</Filter>
    </ClCompile>
    <ClCompile Include="Player.cpp">
      <Filter>ソース ファイル</Filter>
    </ClCompile>
    <ClCompile Include="Planet.cpp">
      <Filter>ソース ファイル\Planet</Filter>
    </ClCompile>
    <ClCompile Include="SpherePlanet.cpp">
      <Filter>ソース ファイル\Planet</Filter>
    </ClCompile>
    <ClCompile Include="ColliderHelper.cpp">
      <Filter>ソース ファイル</Filter>
    </ClCompile>
  </ItemGroup>
  <ItemGroup>
    <ClInclude Include="Scene.h">
      <Filter>ヘッダー ファイル</Filter>
    </ClInclude>
    <ClInclude Include="TitleScene.h">
      <Filter>ヘッダー ファイル</Filter>
    </ClInclude>
    <ClInclude Include="GamePlayingScene.h">
      <Filter>ヘッダー ファイル</Filter>
    </ClInclude>
    <ClInclude Include="GameOverScene.h">
      <Filter>ヘッダー ファイル</Filter>
    </ClInclude>
    <ClInclude Include="SceneManager.h">
      <Filter>ヘッダー ファイル</Filter>
    </ClInclude>
    <ClInclude Include="Pad.h">
      <Filter>ヘッダー ファイル</Filter>
    </ClInclude>
    <ClInclude Include="Application.h">
      <Filter>ヘッダー ファイル</Filter>
    </ClInclude>
    <ClInclude Include="Game.h">
      <Filter>ヘッダー ファイル</Filter>
    </ClInclude>
    <ClInclude Include="ClearScene.h">
      <Filter>ヘッダー ファイル</Filter>
    </ClInclude>
    <ClInclude Include="WorldTimer.h">
      <Filter>ヘッダー ファイル</Filter>
    </ClInclude>
    <ClInclude Include="GameManager.h">
      <Filter>ヘッダー ファイル</Filter>
    </ClInclude>
    <ClInclude Include="Camera.h">
      <Filter>ヘッダー ファイル</Filter>
    </ClInclude>
    <ClInclude Include="Easing.h">
      <Filter>ソース ファイル\MyLib</Filter>
    </ClInclude>
    <ClInclude Include="Quaternion.h">
      <Filter>ソース ファイル\MyLib</Filter>
    </ClInclude>
    <ClInclude Include="MyLib\Vec3.h">
      <Filter>ソース ファイル\MyLib</Filter>
    </ClInclude>
    <ClInclude Include="MyLib\ObjectTag.h">
      <Filter>ソース ファイル\MyLib</Filter>
    </ClInclude>
    <ClInclude Include="MyLib\DebugDraw.h">
      <Filter>ソース ファイル\MyLib</Filter>
    </ClInclude>
    <ClInclude Include="MyLib\Physics\Collidable.h">
      <Filter>ソース ファイル\MyLib\Physics</Filter>
    </ClInclude>
    <ClInclude Include="MyLib\Physics\ColliderBase.h">
      <Filter>ソース ファイル\MyLib\Physics</Filter>
    </ClInclude>
    <ClInclude Include="MyLib\Physics\ColliderCapsule.h">
      <Filter>ソース ファイル\MyLib\Physics</Filter>
    </ClInclude>
    <ClInclude Include="MyLib\Physics\ColliderSphere.h">
      <Filter>ソース ファイル\MyLib\Physics</Filter>
    </ClInclude>
    <ClInclude Include="MyLib\Physics\Physics.h">
      <Filter>ソース ファイル\MyLib\Physics</Filter>
    </ClInclude>
    <ClInclude Include="MyLib\Physics\Rigidbody.h">
      <Filter>ソース ファイル\MyLib\Physics</Filter>
    </ClInclude>
    <ClInclude Include="Player.h">
      <Filter>ヘッダー ファイル</Filter>
    </ClInclude>
    <ClInclude Include="Planet.h">
      <Filter>ソース ファイル\Planet</Filter>
    </ClInclude>
    <ClInclude Include="SpherePlanet.h">
      <Filter>ソース ファイル\Planet</Filter>
    </ClInclude>
    <ClInclude Include="ColliderHelper.h">
      <Filter>ヘッダー ファイル</Filter>
    </ClInclude>
  </ItemGroup>
  <ItemGroup>
    <FxCompile Include="PixelShader.hlsl" />
    <FxCompile Include="VertexShader.hlsl" />
    <FxCompile Include="PostEffect.hlsl" />
    <FxCompile Include="OutlineVS.hlsl" />
    <FxCompile Include="OutlinePS.hlsl" />
  </ItemGroup>
</Project>